
Microsoft Visual Studio Solution File, Format Version 12.00
# Visual Studio Version 17
VisualStudioVersion = 17.10.35013.160
MinimumVisualStudioVersion = 10.0.40219.1
Project("{FAE04EC0-301F-11D3-BF4B-00C04F79EFBC}") = "progDemo09", "progDemo09.csproj", "{F5534986-9972-4BFC-B454-84B1728456CF}"
EndProject
Global
	GlobalSection(SolutionConfigurationPlatforms) = preSolution
		Debug|Any CPU = Debug|Any CPU
		Release|Any CPU = Release|Any CPU
	EndGlobalSection
	GlobalSection(ProjectConfigurationPlatforms) = postSolution
		{F5534986-9972-4BFC-B454-84B1728456CF}.Debug|Any CPU.ActiveCfg = Debug|Any CPU
		{F5534986-9972-4BFC-B454-84B1728456CF}.Debug|Any CPU.Build.0 = Debug|Any CPU
		{F5534986-9972-4BFC-B454-84B1728456CF}.Release|Any CPU.ActiveCfg = Release|Any CPU
		{F5534986-9972-4BFC-B454-84B1728456CF}.Release|Any CPU.Build.0 = Release|Any CPU
	EndGlobalSection
	GlobalSection(SolutionProperties) = preSolution
		HideSolutionNode = FALSE
	EndGlobalSection
	GlobalSection(ExtensibilityGlobals) = postSolution
		SolutionGuid = {1C019CDA-6330-45B7-8BB8-BD4B6C0D3921}
	EndGlobalSection
EndGlobal
